
Microsoft Visual Studio Solution File, Format Version 12.00
# Visual Studio Version 16
VisualStudioVersion = 16.0.31410.357
MinimumVisualStudioVersion = 10.0.40219.1
Project("{FAE04EC0-301F-11D3-BF4B-00C04F79EFBC}") = "ModbusDeneme", "ModbusDeneme\ModbusDeneme.csproj", "{D8D423EA-AE41-4587-9844-080E9206B13B}"
EndProject
Global
	GlobalSection(SolutionConfigurationPlatforms) = preSolution
		Debug|Any CPU = Debug|Any CPU
		Release|Any CPU = Release|Any CPU
	EndGlobalSection
	GlobalSection(ProjectConfigurationPlatforms) = postSolution
		{D8D423EA-AE41-4587-9844-080E9206B13B}.Debug|Any CPU.ActiveCfg = Debug|Any CPU
		{D8D423EA-AE41-4587-9844-080E9206B13B}.Debug|Any CPU.Build.0 = Debug|Any CPU
		{D8D423EA-AE41-4587-9844-080E9206B13B}.Release|Any CPU.ActiveCfg = Release|Any CPU
		{D8D423EA-AE41-4587-9844-080E9206B13B}.Release|Any CPU.Build.0 = Release|Any CPU
	EndGlobalSection
	GlobalSection(SolutionProperties) = preSolution
		HideSolutionNode = FALSE
	EndGlobalSection
	GlobalSection(ExtensibilityGlobals) = postSolution
		SolutionGuid = {7C3BF282-B760-4C71-AB42-9C1CC2262C61}
	EndGlobalSection
EndGlobal
